
Microsoft Visual Studio Solution File, Format Version 12.00
# Visual Studio 15
VisualStudioVersion = 15.0.28307.1738
MinimumVisualStudioVersion = 10.0.40219.1
Project("{FAE04EC0-301F-11D3-BF4B-00C04F79EFBC}") = "PROTATool", "PROTATool.csproj", "{F1F3A0F4-BF5F-43D9-A9C5-B9AD6A8B334D}"
EndProject
Global
	GlobalSection(SolutionConfigurationPlatforms) = preSolution
		Debug|Any CPU = Debug|Any CPU
		Release|Any CPU = Release|Any CPU
	EndGlobalSection
	GlobalSection(ProjectConfigurationPlatforms) = postSolution
		{F1F3A0F4-BF5F-43D9-A9C5-B9AD6A8B334D}.Debug|Any CPU.ActiveCfg = Debug|Any CPU
		{F1F3A0F4-BF5F-43D9-A9C5-B9AD6A8B334D}.Debug|Any CPU.Build.0 = Debug|Any CPU
		{F1F3A0F4-BF5F-43D9-A9C5-B9AD6A8B334D}.Release|Any CPU.ActiveCfg = Release|Any CPU
		{F1F3A0F4-BF5F-43D9-A9C5-B9AD6A8B334D}.Release|Any CPU.Build.0 = Release|Any CPU
	EndGlobalSection
	GlobalSection(SolutionProperties) = preSolution
		HideSolutionNode = FALSE
	EndGlobalSection
	GlobalSection(ExtensibilityGlobals) = postSolution
		SolutionGuid = {A38A9072-D2BA-4E4F-A272-A615B9B8878E}
	EndGlobalSection
EndGlobal
